github.com/favframework/debug v0.0.0-20150708094948-5c7e73aafb21 h1:2vtv9zukSrqqYtdJcwNstCYN24p9ZSjRngFyPZbTfms=
github.com/favframework/debug v0.0.0-20150708094948-5c7e73aafb21/go.mod h1:Db34HRfPJ7kYnnr5JrXfkuCmxGbJYz7YkAyxnVwYN7A=
github.com/mr-tron/base58 v1.1.0 h1:Y51FGVJ91WBqCEabAi5OPUz38eAx8DakuAm5svLcsfQ=
github.com/mr-tron/base58 v1.1.0/go.mod h1:xcD2VGqlgYjBdcBLw+TuYLr8afG+Hj8g2eTVqeSzSU8=
github.com/multiformats/go-base32 v0.0.3 h1:tw5+NhuwaOjJCC5Pp82QuXbrmLzWg7uxlMFp8Nq/kkI=
github.com/multiformats/go-base32 v0.0.3/go.mod h1:pLiuGC8y0QR3Ue4Zug5UzK9LjgbkL8NSQj0zQ5Nz/AA=
github.com/multiformats/go-base36 v0.1.0 h1:JR6TyF7JjGd3m6FbLU2cOxhC0Li8z8dLNGQ89tUg4F4=
github.com/multiformats/go-base36 v0.1.0/go.mod h1:kFGE83c6s80PklsHO9sRn2NCoffoRdUUOENyW/Vv6sM=
github.com/multiformats/go-multibase v0.1.0 h1:+cr9718eEwFIUxPP7sQmixYYhD4sRrU9aMXqYb+0diE=
github.com/multiformats/go-multibase v0.1.0/go.mod h1:ZEjHE+IsUrgp5mhlEAYjMtZwK1k4haNkcaPg9aoe1a8=
